// !$*UTF8*$!
{
	archiveVersion = 1;
	classes = {
	};
	objectVersion = 50;
	objects = {

/* Begin PBXBuildFile section */
		BFB3DA9320D8169A009F289F /* AppDelegate.swift in Sources */ = {isa = PBXBuildFile; fileRef = BFB3DA9220D8169A009F289F /* AppDelegate.swift */; };
		BFB3DA9520D8169A009F289F /* MainVC.swift in Sources */ = {isa = PBXBuildFile; fileRef = BFB3DA9420D8169A009F289F /* MainVC.swift */; };
		BFB3DA9820D8169A009F289F /* main.storyboard in Resources */ = {isa = PBXBuildFile; fileRef = BFB3DA9620D8169A009F289F /* main.storyboard */; };
		BFB3DA9B20D8169A009F289F /* dgdrms.xcdatamodeld in Sources */ = {isa = PBXBuildFile; fileRef = BFB3DA9920D8169A009F289F /* dgdrms.xcdatamodeld */; };
		BFB3DA9D20D8169C009F289F /* Assets.xcassets in Resources */ = {isa = PBXBuildFile; fileRef = BFB3DA9C20D8169C009F289F /* Assets.xcassets */; };
		BFB3DAA020D8169C009F289F /* LaunchScreen.storyboard in Resources */ = {isa = PBXBuildFile; fileRef = BFB3DA9E20D8169C009F289F /* LaunchScreen.storyboard */; };
		BFB3DAAB20D8169C009F289F /* dgdrmsTests.swift in Sources */ = {isa = PBXBuildFile; fileRef = BFB3DAAA20D8169C009F289F /* dgdrmsTests.swift */; };
		BFB3DABB20D81BBA009F289F /* R.generated.swift in Sources */ = {isa = PBXBuildFile; fileRef = BFB3DABA20D81BBA009F289F /* R.generated.swift */; };
		BFB3DACE20D82969009F289F /* MainNC.swift in Sources */ = {isa = PBXBuildFile; fileRef = BFB3DAC720D82969009F289F /* MainNC.swift */; };
		BFB3DADA20D83181009F289F /* MainFlowCoordinator.swift in Sources */ = {isa = PBXBuildFile; fileRef = BFB3DAD220D83180009F289F /* MainFlowCoordinator.swift */; };
		BFB3DADB20D83181009F289F /* ConcurrentOperation.swift in Sources */ = {isa = PBXBuildFile; fileRef = BFB3DAD520D83180009F289F /* ConcurrentOperation.swift */; };
		BFB3DADC20D83181009F289F /* PresentMainAppOperation.swift in Sources */ = {isa = PBXBuildFile; fileRef = BFB3DAD620D83180009F289F /* PresentMainAppOperation.swift */; };
		BFB3DADD20D83181009F289F /* StartUpAppSequencer.swift in Sources */ = {isa = PBXBuildFile; fileRef = BFB3DAD720D83180009F289F /* StartUpAppSequencer.swift */; };
		BFB3DADE20D83181009F289F /* PointsUseCase.swift in Sources */ = {isa = PBXBuildFile; fileRef = BFB3DAD920D83181009F289F /* PointsUseCase.swift */; };
		BFB3DAE120D831BD009F289F /* AppStoryboard.swift in Sources */ = {isa = PBXBuildFile; fileRef = BFB3DAE020D831BD009F289F /* AppStoryboard.swift */; };
		F0BD9DB7B91E5963C2EBF211 /* Pods_dgdrmsTests.framework in Frameworks */ = {isa = PBXBuildFile; fileRef = 12DF09D080DE7B5B7F901A48 /* Pods_dgdrmsTests.framework */; };
		FF3A4D08A75EE4C21D0558A0 /* Pods_dgdrms.framework in Frameworks */ = {isa = PBXBuildFile; fileRef = 14A4830C888038A962DAA679 /* Pods_dgdrms.framework */; };
/* End PBXBuildFile section */

/* Begin PBXContainerItemProxy section */
		BFB3DAA720D8169C009F289F /* PBXContainerItemProxy */ = {
			isa = PBXContainerItemProxy;
			containerPortal = BFB3DA8720D8169A009F289F /* Project object */;
			proxyType = 1;
			remoteGlobalIDString = BFB3DA8E20D8169A009F289F;
			remoteInfo = dgdrms;
		};
/* End PBXContainerItemProxy section */

/* Begin PBXFileReference section */
		020E5A477A6CB10E48874E43 /* Pods-dgdrmsTests.release.xcconfig */ = {isa = PBXFileReference; includeInIndex = 1; lastKnownFileType = text.xcconfig; name = "Pods-dgdrmsTests.release.xcconfig"; path = "Pods/Target Support Files/Pods-dgdrmsTests/Pods-dgdrmsTests.release.xcconfig"; sourceTree = "<group>"; };
		0B542597B46DDDFDD0A7C549 /* Pods-dgdrms.release.xcconfig */ = {isa = PBXFileReference; includeInIndex = 1; lastKnownFileType = text.xcconfig; name = "Pods-dgdrms.release.xcconfig"; path = "Pods/Target Support Files/Pods-dgdrms/Pods-dgdrms.release.xcconfig"; sourceTree = "<group>"; };
		12DF09D080DE7B5B7F901A48 /* Pods_dgdrmsTests.framework */ = {isa = PBXFileReference; explicitFileType = wrapper.framework; includeInIndex = 0; path = Pods_dgdrmsTests.framework; sourceTree = BUILT_PRODUCTS_DIR; };
		14A4830C888038A962DAA679 /* Pods_dgdrms.framework */ = {isa = PBXFileReference; explicitFileType = wrapper.framework; includeInIndex = 0; path = Pods_dgdrms.framework; sourceTree = BUILT_PRODUCTS_DIR; };
		8C9A814820AD2980FB7AD71E /* Pods-dgdrms.debug.xcconfig */ = {isa = PBXFileReference; includeInIndex = 1; lastKnownFileType = text.xcconfig; name = "Pods-dgdrms.debug.xcconfig"; path = "Pods/Target Support Files/Pods-dgdrms/Pods-dgdrms.debug.xcconfig"; sourceTree = "<group>"; };
		BFB3DA8F20D8169A009F289F /* dgdrms.app */ = {isa = PBXFileReference; explicitFileType = wrapper.application; includeInIndex = 0; path = dgdrms.app; sourceTree = BUILT_PRODUCTS_DIR; };
		BFB3DA9220D8169A009F289F /* AppDelegate.swift */ = {isa = PBXFileReference; lastKnownFileType = sourcecode.swift; path = AppDelegate.swift; sourceTree = "<group>"; };
		BFB3DA9420D8169A009F289F /* MainVC.swift */ = {isa = PBXFileReference; lastKnownFileType = sourcecode.swift; path = MainVC.swift; sourceTree = "<group>"; };
		BFB3DA9720D8169A009F289F /* Base */ = {isa = PBXFileReference; lastKnownFileType = file.storyboard; name = Base; path = Base.lproj/main.storyboard; sourceTree = "<group>"; };
		BFB3DA9A20D8169A009F289F /* dgdrms.xcdatamodel */ = {isa = PBXFileReference; lastKnownFileType = wrapper.xcdatamodel; path = dgdrms.xcdatamodel; sourceTree = "<group>"; };
		BFB3DA9C20D8169C009F289F /* Assets.xcassets */ = {isa = PBXFileReference; lastKnownFileType = folder.assetcatalog; path = Assets.xcassets; sourceTree = "<group>"; };
		BFB3DA9F20D8169C009F289F /* Base */ = {isa = PBXFileReference; lastKnownFileType = file.storyboard; name = Base; path = Base.lproj/LaunchScreen.storyboard; sourceTree = "<group>"; };
		BFB3DAA120D8169C009F289F /* Info.plist */ = {isa = PBXFileReference; lastKnownFileType = text.plist.xml; path = Info.plist; sourceTree = "<group>"; };
		BFB3DAA620D8169C009F289F /* dgdrmsTests.xctest */ = {isa = PBXFileReference; explicitFileType = wrapper.cfbundle; includeInIndex = 0; path = dgdrmsTests.xctest; sourceTree = BUILT_PRODUCTS_DIR; };
		BFB3DAAA20D8169C009F289F /* dgdrmsTests.swift */ = {isa = PBXFileReference; lastKnownFileType = sourcecode.swift; path = dgdrmsTests.swift; sourceTree = "<group>"; };
		BFB3DAAC20D8169C009F289F /* Info.plist */ = {isa = PBXFileReference; lastKnownFileType = text.plist.xml; path = Info.plist; sourceTree = "<group>"; };
		BFB3DABA20D81BBA009F289F /* R.generated.swift */ = {isa = PBXFileReference; fileEncoding = 4; lastKnownFileType = sourcecode.swift; name = R.generated.swift; path = dgdrms/ViewLayer/Resources/RSwift/R.generated.swift; sourceTree = SOURCE_ROOT; };
		BFB3DAC720D82969009F289F /* MainNC.swift */ = {isa = PBXFileReference; fileEncoding = 4; lastKnownFileType = sourcecode.swift; path = MainNC.swift; sourceTree = "<group>"; };
		BFB3DAD220D83180009F289F /* MainFlowCoordinator.swift */ = {isa = PBXFileReference; fileEncoding = 4; lastKnownFileType = sourcecode.swift; path = MainFlowCoordinator.swift; sourceTree = "<group>"; };
		BFB3DAD520D83180009F289F /* ConcurrentOperation.swift */ = {isa = PBXFileReference; fileEncoding = 4; lastKnownFileType = sourcecode.swift; path = ConcurrentOperation.swift; sourceTree = "<group>"; };
		BFB3DAD620D83180009F289F /* PresentMainAppOperation.swift */ = {isa = PBXFileReference; fileEncoding = 4; lastKnownFileType = sourcecode.swift; path = PresentMainAppOperation.swift; sourceTree = "<group>"; };
		BFB3DAD720D83180009F289F /* StartUpAppSequencer.swift */ = {isa = PBXFileReference; fileEncoding = 4; lastKnownFileType = sourcecode.swift; path = StartUpAppSequencer.swift; sourceTree = "<group>"; };
		BFB3DAD920D83181009F289F /* PointsUseCase.swift */ = {isa = PBXFileReference; fileEncoding = 4; lastKnownFileType = sourcecode.swift; path = PointsUseCase.swift; sourceTree = "<group>"; };
		BFB3DAE020D831BD009F289F /* AppStoryboard.swift */ = {isa = PBXFileReference; fileEncoding = 4; lastKnownFileType = sourcecode.swift; name = AppStoryboard.swift; path = dgdrms/ViewLayer/Storyboard/AppStoryboard.swift; sourceTree = SOURCE_ROOT; };
		FE773199ED5802723FA9E7E6 /* Pods-dgdrmsTests.debug.xcconfig */ = {isa = PBXFileReference; includeInIndex = 1; lastKnownFileType = text.xcconfig; name = "Pods-dgdrmsTests.debug.xcconfig"; path = "Pods/Target Support Files/Pods-dgdrmsTests/Pods-dgdrmsTests.debug.xcconfig"; sourceTree = "<group>"; };
/* End PBXFileReference section */

/* Begin PBXFrameworksBuildPhase section */
		BFB3DA8C20D8169A009F289F /* Frameworks */ = {
			isa = PBXFrameworksBuildPhase;
			buildActionMask = 2147483647;
			files = (
				FF3A4D08A75EE4C21D0558A0 /* Pods_dgdrms.framework in Frameworks */,
			);
			runOnlyForDeploymentPostprocessing = 0;
		};
		BFB3DAA320D8169C009F289F /* Frameworks */ = {
			isa = PBXFrameworksBuildPhase;
			buildActionMask = 2147483647;
			files = (
				F0BD9DB7B91E5963C2EBF211 /* Pods_dgdrmsTests.framework in Frameworks */,
			);
			runOnlyForDeploymentPostprocessing = 0;
		};
/* End PBXFrameworksBuildPhase section */

/* Begin PBXGroup section */
		AA9FCD89C900D49D5EEA652D /* Frameworks */ = {
			isa = PBXGroup;
			children = (
				14A4830C888038A962DAA679 /* Pods_dgdrms.framework */,
				12DF09D080DE7B5B7F901A48 /* Pods_dgdrmsTests.framework */,
			);
			name = Frameworks;
			sourceTree = "<group>";
		};
		BFB3DA8620D8169A009F289F = {
			isa = PBXGroup;
			children = (
				BFB3DA9120D8169A009F289F /* dgdrms */,
				BFB3DAA920D8169C009F289F /* dgdrmsTests */,
				BFB3DA9020D8169A009F289F /* Products */,
				F43CAE52BEB5A8F5EDE6320B /* Pods */,
				AA9FCD89C900D49D5EEA652D /* Frameworks */,
			);
			sourceTree = "<group>";
		};
		BFB3DA9020D8169A009F289F /* Products */ = {
			isa = PBXGroup;
			children = (
				BFB3DA8F20D8169A009F289F /* dgdrms.app */,
				BFB3DAA620D8169C009F289F /* dgdrmsTests.xctest */,
			);
			name = Products;
			sourceTree = "<group>";
		};
		BFB3DA9120D8169A009F289F /* dgdrms */ = {
			isa = PBXGroup;
			children = (
				BFB3DAB720D81B5C009F289F /* ViewLayer */,
				BFB3DAD020D83180009F289F /* DomainLayer */,
				BFB3DA9220D8169A009F289F /* AppDelegate.swift */,
				BFB3DA9620D8169A009F289F /* main.storyboard */,
				BFB3DA9C20D8169C009F289F /* Assets.xcassets */,
				BFB3DA9E20D8169C009F289F /* LaunchScreen.storyboard */,
				BFB3DAA120D8169C009F289F /* Info.plist */,
				BFB3DA9920D8169A009F289F /* dgdrms.xcdatamodeld */,
			);
			path = dgdrms;
			sourceTree = "<group>";
		};
		BFB3DAA920D8169C009F289F /* dgdrmsTests */ = {
			isa = PBXGroup;
			children = (
				BFB3DAAA20D8169C009F289F /* dgdrmsTests.swift */,
				BFB3DAAC20D8169C009F289F /* Info.plist */,
			);
			path = dgdrmsTests;
			sourceTree = "<group>";
		};
		BFB3DAB720D81B5C009F289F /* ViewLayer */ = {
			isa = PBXGroup;
			children = (
				BFB3DADF20D83193009F289F /* Storyboard */,
				BFB3DABC20D82969009F289F /* Main */,
				BFB3DAB820D81B65009F289F /* Resources */,
			);
			name = ViewLayer;
			path = "New Group";
			sourceTree = "<group>";
		};
		BFB3DAB820D81B65009F289F /* Resources */ = {
			isa = PBXGroup;
			children = (
				BFB3DAB920D81B8B009F289F /* RSwift */,
			);
			path = Resources;
			sourceTree = "<group>";
		};
		BFB3DAB920D81B8B009F289F /* RSwift */ = {
			isa = PBXGroup;
			children = (
				BFB3DABA20D81BBA009F289F /* R.generated.swift */,
			);
			path = RSwift;
			sourceTree = "<group>";
		};
		BFB3DABC20D82969009F289F /* Main */ = {
			isa = PBXGroup;
			children = (
				BFB3DACF20D830A3009F289F /* Main */,
				BFB3DAC720D82969009F289F /* MainNC.swift */,
			);
			name = Main;
			path = dgdrms/ViewLayer/Main;
			sourceTree = SOURCE_ROOT;
		};
		BFB3DACF20D830A3009F289F /* Main */ = {
			isa = PBXGroup;
			children = (
				BFB3DA9420D8169A009F289F /* MainVC.swift */,
			);
			path = Main;
			sourceTree = "<group>";
		};
		BFB3DAD020D83180009F289F /* DomainLayer */ = {
			isa = PBXGroup;
			children = (
				BFB3DAD120D83180009F289F /* Coordinator */,
				BFB3DAD320D83180009F289F /* Sequencer */,
				BFB3DAD820D83180009F289F /* UseCase */,
			);
			path = DomainLayer;
			sourceTree = "<group>";
		};
		BFB3DAD120D83180009F289F /* Coordinator */ = {
			isa = PBXGroup;
			children = (
				BFB3DAD220D83180009F289F /* MainFlowCoordinator.swift */,
			);
			path = Coordinator;
			sourceTree = "<group>";
		};
		BFB3DAD320D83180009F289F /* Sequencer */ = {
			isa = PBXGroup;
			children = (
				BFB3DAD420D83180009F289F /* Operation */,
				BFB3DAD720D83180009F289F /* StartUpAppSequencer.swift */,
			);
			path = Sequencer;
			sourceTree = "<group>";
		};
		BFB3DAD420D83180009F289F /* Operation */ = {
			isa = PBXGroup;
			children = (
				BFB3DAD520D83180009F289F /* ConcurrentOperation.swift */,
				BFB3DAD620D83180009F289F /* PresentMainAppOperation.swift */,
			);
			path = Operation;
			sourceTree = "<group>";
		};
		BFB3DAD820D83180009F289F /* UseCase */ = {
			isa = PBXGroup;
			children = (
				BFB3DAD920D83181009F289F /* PointsUseCase.swift */,
			);
			path = UseCase;
			sourceTree = "<group>";
		};
		BFB3DADF20D83193009F289F /* Storyboard */ = {
			isa = PBXGroup;
			children = (
				BFB3DAE020D831BD009F289F /* AppStoryboard.swift */,
			);
			path = Storyboard;
			sourceTree = "<group>";
		};
		F43CAE52BEB5A8F5EDE6320B /* Pods */ = {
			isa = PBXGroup;
			children = (
				8C9A814820AD2980FB7AD71E /* Pods-dgdrms.debug.xcconfig */,
				0B542597B46DDDFDD0A7C549 /* Pods-dgdrms.release.xcconfig */,
				FE773199ED5802723FA9E7E6 /* Pods-dgdrmsTests.debug.xcconfig */,
				020E5A477A6CB10E48874E43 /* Pods-dgdrmsTests.release.xcconfig */,
			);
			name = Pods;
			sourceTree = "<group>";
		};
/* End PBXGroup section */

/* Begin PBXNativeTarget section */
		BFB3DA8E20D8169A009F289F /* dgdrms */ = {
			isa = PBXNativeTarget;
			buildConfigurationList = BFB3DAAF20D8169C009F289F /* Build configuration list for PBXNativeTarget "dgdrms" */;
			buildPhases = (
				9416235F1F9B94399B09FFB1 /* [CP] Check Pods Manifest.lock */,
				BFB3DAB620D81B1F009F289F /* Run Script (R.Swift) */,
				BFB3DA8B20D8169A009F289F /* Sources */,
				BFB3DA8C20D8169A009F289F /* Frameworks */,
				BFB3DA8D20D8169A009F289F /* Resources */,
				0CA3715204120C33D3E43B79 /* [CP] Embed Pods Frameworks */,
				BFB3DAB520D819A4009F289F /* Run Script (SwiftLint) */,
			);
			buildRules = (
			);
			dependencies = (
			);
			name = dgdrms;
			productName = dgdrms;
			productReference = BFB3DA8F20D8169A009F289F /* dgdrms.app */;
			productType = "com.apple.product-type.application";
		};
		BFB3DAA520D8169C009F289F /* dgdrmsTests */ = {
			isa = PBXNativeTarget;
			buildConfigurationList = BFB3DAB220D8169C009F289F /* Build configuration list for PBXNativeTarget "dgdrmsTests" */;
			buildPhases = (
				8B350956BE56E1CCB8428344 /* [CP] Check Pods Manifest.lock */,
				BFB3DAA220D8169C009F289F /* Sources */,
				BFB3DAA320D8169C009F289F /* Frameworks */,
				BFB3DAA420D8169C009F289F /* Resources */,
			);
			buildRules = (
			);
			dependencies = (
				BFB3DAA820D8169C009F289F /* PBXTargetDependency */,
			);
			name = dgdrmsTests;
			productName = dgdrmsTests;
			productReference = BFB3DAA620D8169C009F289F /* dgdrmsTests.xctest */;
			productType = "com.apple.product-type.bundle.unit-test";
		};
/* End PBXNativeTarget section */

/* Begin PBXProject section */
		BFB3DA8720D8169A009F289F /* Project object */ = {
			isa = PBXProject;
			attributes = {
				LastSwiftUpdateCheck = 0940;
				LastUpgradeCheck = 0940;
				ORGANIZATIONNAME = jca;
				TargetAttributes = {
					BFB3DA8E20D8169A009F289F = {
						CreatedOnToolsVersion = 9.4;
					};
					BFB3DAA520D8169C009F289F = {
						CreatedOnToolsVersion = 9.4;
						TestTargetID = BFB3DA8E20D8169A009F289F;
					};
				};
			};
			buildConfigurationList = BFB3DA8A20D8169A009F289F /* Build configuration list for PBXProject "dgdrms" */;
			compatibilityVersion = "Xcode 9.3";
			developmentRegion = en;
			hasScannedForEncodings = 0;
			knownRegions = (
				en,
				Base,
			);
			mainGroup = BFB3DA8620D8169A009F289F;
			productRefGroup = BFB3DA9020D8169A009F289F /* Products */;
			projectDirPath = "";
			projectRoot = "";
			targets = (
				BFB3DA8E20D8169A009F289F /* dgdrms */,
				BFB3DAA520D8169C009F289F /* dgdrmsTests */,
			);
		};
/* End PBXProject section */

/* Begin PBXResourcesBuildPhase section */
		BFB3DA8D20D8169A009F289F /* Resources */ = {
			isa = PBXResourcesBuildPhase;
			buildActionMask = 2147483647;
			files = (
				BFB3DAA020D8169C009F289F /* LaunchScreen.storyboard in Resources */,
				BFB3DA9D20D8169C009F289F /* Assets.xcassets in Resources */,
				BFB3DA9820D8169A009F289F /* main.storyboard in Resources */,
			);
			runOnlyForDeploymentPostprocessing = 0;
		};
		BFB3DAA420D8169C009F289F /* Resources */ = {
			isa = PBXResourcesBuildPhase;
			buildActionMask = 2147483647;
			files = (
			);
			runOnlyForDeploymentPostprocessing = 0;
		};
/* End PBXResourcesBuildPhase section */

/* Begin PBXShellScriptBuildPhase section */
		0CA3715204120C33D3E43B79 /* [CP] Embed Pods Frameworks */ = {
			isa = PBXShellScriptBuildPhase;
			buildActionMask = 2147483647;
			files = (
			);
			inputPaths = (
				"${SRCROOT}/Pods/Target Support Files/Pods-dgdrms/Pods-dgdrms-frameworks.sh",
				"${BUILT_PRODUCTS_DIR}/Alamofire/Alamofire.framework",
				"${BUILT_PRODUCTS_DIR}/MBProgressHUD/MBProgressHUD.framework",
				"${BUILT_PRODUCTS_DIR}/R.swift.Library/Rswift.framework",
			);
			name = "[CP] Embed Pods Frameworks";
			outputPaths = (
				"${TARGET_BUILD_DIR}/${FRAMEWORKS_FOLDER_PATH}/Alamofire.framework",
				"${TARGET_BUILD_DIR}/${FRAMEWORKS_FOLDER_PATH}/MBProgressHUD.framework",
				"${TARGET_BUILD_DIR}/${FRAMEWORKS_FOLDER_PATH}/Rswift.framework",
			);
			runOnlyForDeploymentPostprocessing = 0;
			shellPath = /bin/sh;
			shellScript = "\"${SRCROOT}/Pods/Target Support Files/Pods-dgdrms/Pods-dgdrms-frameworks.sh\"\n";
			showEnvVarsInLog = 0;
		};
		8B350956BE56E1CCB8428344 /* [CP] Check Pods Manifest.lock */ = {
			isa = PBXShellScriptBuildPhase;
			buildActionMask = 2147483647;
			files = (
			);
			inputPaths = (
				"${PODS_PODFILE_DIR_PATH}/Podfile.lock",
				"${PODS_ROOT}/Manifest.lock",
			);
			name = "[CP] Check Pods Manifest.lock";
			outputPaths = (
				"$(DERIVED_FILE_DIR)/Pods-dgdrmsTests-checkManifestLockResult.txt",
			);
			runOnlyForDeploymentPostprocessing = 0;
			shellPath = /bin/sh;
			shellScript = "diff \"${PODS_PODFILE_DIR_PATH}/Podfile.lock\" \"${PODS_ROOT}/Manifest.lock\" > /dev/null\nif [ $? != 0 ] ; then\n    # print error to STDERR\n    echo \"error: The sandbox is not in sync with the Podfile.lock. Run 'pod install' or update your CocoaPods installation.\" >&2\n    exit 1\nfi\n# This output is used by Xcode 'outputs' to avoid re-running this script phase.\necho \"SUCCESS\" > \"${SCRIPT_OUTPUT_FILE_0}\"\n";
			showEnvVarsInLog = 0;
		};
		9416235F1F9B94399B09FFB1 /* [CP] Check Pods Manifest.lock */ = {
			isa = PBXShellScriptBuildPhase;
			buildActionMask = 2147483647;
			files = (
			);
			inputPaths = (
				"${PODS_PODFILE_DIR_PATH}/Podfile.lock",
				"${PODS_ROOT}/Manifest.lock",
			);
			name = "[CP] Check Pods Manifest.lock";
			outputPaths = (
				"$(DERIVED_FILE_DIR)/Pods-dgdrms-checkManifestLockResult.txt",
			);
			runOnlyForDeploymentPostprocessing = 0;
			shellPath = /bin/sh;
			shellScript = "diff \"${PODS_PODFILE_DIR_PATH}/Podfile.lock\" \"${PODS_ROOT}/Manifest.lock\" > /dev/null\nif [ $? != 0 ] ; then\n    # print error to STDERR\n    echo \"error: The sandbox is not in sync with the Podfile.lock. Run 'pod install' or update your CocoaPods installation.\" >&2\n    exit 1\nfi\n# This output is used by Xcode 'outputs' to avoid re-running this script phase.\necho \"SUCCESS\" > \"${SCRIPT_OUTPUT_FILE_0}\"\n";
			showEnvVarsInLog = 0;
		};
		BFB3DAB520D819A4009F289F /* Run Script (SwiftLint) */ = {
			isa = PBXShellScriptBuildPhase;
			buildActionMask = 2147483647;
			files = (
			);
			inputPaths = (
			);
			name = "Run Script (SwiftLint)";
			outputPaths = (
			);
			runOnlyForDeploymentPostprocessing = 0;
			shellPath = /bin/sh;
			shellScript = "if which swiftlint >/dev/null; then\nswiftlint\n#swiftlint autocorrect --format\nelse\necho \"warning: SwiftLint not installed, download from https://github.com/realm/SwiftLint\"\nfi";
		};
		BFB3DAB620D81B1F009F289F /* Run Script (R.Swift) */ = {
			isa = PBXShellScriptBuildPhase;
			buildActionMask = 2147483647;
			files = (
			);
			inputPaths = (
			);
			name = "Run Script (R.Swift)";
			outputPaths = (
			);
			runOnlyForDeploymentPostprocessing = 0;
			shellPath = /bin/sh;
			shellScript = "\"$PODS_ROOT/R.swift/rswift\" \"$SRCROOT/$PROJECT/ViewLayer/Resources/RSwift\"";
		};
/* End PBXShellScriptBuildPhase section */

/* Begin PBXSourcesBuildPhase section */
		BFB3DA8B20D8169A009F289F /* Sources */ = {
			isa = PBXSourcesBuildPhase;
			buildActionMask = 2147483647;
			files = (
				BFB3DADD20D83181009F289F /* StartUpAppSequencer.swift in Sources */,
				BFB3DADC20D83181009F289F /* PresentMainAppOperation.swift in Sources */,
				BFB3DACE20D82969009F289F /* MainNC.swift in Sources */,
				BFB3DA9B20D8169A009F289F /* dgdrms.xcdatamodeld in Sources */,
				BFB3DA9520D8169A009F289F /* MainVC.swift in Sources */,
				BFB3DADB20D83181009F289F /* ConcurrentOperation.swift in Sources */,
				BFB3DA9320D8169A009F289F /* AppDelegate.swift in Sources */,
				BFB3DABB20D81BBA009F289F /* R.generated.swift in Sources */,
				BFB3DADE20D83181009F289F /* PointsUseCase.swift in Sources */,
				BFB3DADA20D83181009F289F /* MainFlowCoordinator.swift in Sources */,
				BFB3DAE120D831BD009F289F /* AppStoryboard.swift in Sources */,
			);
			runOnlyForDeploymentPostprocessing = 0;
		};
		BFB3DAA220D8169C009F289F /* Sources */ = {
			isa = PBXSourcesBuildPhase;
			buildActionMask = 2147483647;
			files = (
				BFB3DAAB20D8169C009F289F /* dgdrmsTests.swift in Sources */,
			);
			runOnlyForDeploymentPostprocessing = 0;
		};
/* End PBXSourcesBuildPhase section */

/* Begin PBXTargetDependency section */
		BFB3DAA820D8169C009F289F /* PBXTargetDependency */ = {
			isa = PBXTargetDependency;
			target = BFB3DA8E20D8169A009F289F /* dgdrms */;
			targetProxy = BFB3DAA720D8169C009F289F /* PBXContainerItemProxy */;
		};
/* End PBXTargetDependency section */

/* Begin PBXVariantGroup section */
		BFB3DA9620D8169A009F289F /* main.storyboard */ = {
			isa = PBXVariantGroup;
			children = (
				BFB3DA9720D8169A009F289F /* Base */,
			);
			name = main.storyboard;
			sourceTree = "<group>";
		};
		BFB3DA9E20D8169C009F289F /* LaunchScreen.storyboard */ = {
			isa = PBXVariantGroup;
			children = (
				BFB3DA9F20D8169C009F289F /* Base */,
			);
			name = LaunchScreen.storyboard;
			sourceTree = "<group>";
		};
/* End PBXVariantGroup section */

/* Begin XCBuildConfiguration section */
		BFB3DAAD20D8169C009F289F /* Debug */ = {
			isa = XCBuildConfiguration;
			buildSettings = {
				ALWAYS_SEARCH_USER_PATHS = NO;
				CLANG_ANALYZER_NONNULL = YES;
				CLANG_ANALYZER_NUMBER_OBJECT_CONVERSION = YES_AGGRESSIVE;
				CLANG_CXX_LANGUAGE_STANDARD = "gnu++14";
				CLANG_CXX_LIBRARY = "libc++";
				CLANG_ENABLE_MODULES = YES;
				CLANG_ENABLE_OBJC_ARC = YES;
				CLANG_ENABLE_OBJC_WEAK = YES;
				CLANG_WARN_BLOCK_CAPTURE_AUTORELEASING = YES;
				CLANG_WARN_BOOL_CONVERSION = YES;
				CLANG_WARN_COMMA = YES;
				CLANG_WARN_CONSTANT_CONVERSION = YES;
				CLANG_WARN_DEPRECATED_OBJC_IMPLEMENTATIONS = YES;
				CLANG_WARN_DIRECT_OBJC_ISA_USAGE = YES_ERROR;
				CLANG_WARN_DOCUMENTATION_COMMENTS = YES;
				CLANG_WARN_EMPTY_BODY = YES;
				CLANG_WARN_ENUM_CONVERSION = YES;
				CLANG_WARN_INFINITE_RECURSION = YES;
				CLANG_WARN_INT_CONVERSION = YES;
				CLANG_WARN_NON_LITERAL_NULL_CONVERSION = YES;
				CLANG_WARN_OBJC_IMPLICIT_RETAIN_SELF = YES;
				CLANG_WARN_OBJC_LITERAL_CONVERSION = YES;
				CLANG_WARN_OBJC_ROOT_CLASS = YES_ERROR;
				CLANG_WARN_RANGE_LOOP_ANALYSIS = YES;
				CLANG_WARN_STRICT_PROTOTYPES = YES;
				CLANG_WARN_SUSPICIOUS_MOVE = YES;
				CLANG_WARN_UNGUARDED_AVAILABILITY = YES_AGGRESSIVE;
				CLANG_WARN_UNREACHABLE_CODE = YES;
				CLANG_WARN__DUPLICATE_METHOD_MATCH = YES;
				CODE_SIGN_IDENTITY = "iPhone Developer";
				COPY_PHASE_STRIP = NO;
				DEBUG_INFORMATION_FORMAT = dwarf;
				ENABLE_STRICT_OBJC_MSGSEND = YES;
				ENABLE_TESTABILITY = YES;
				GCC_C_LANGUAGE_STANDARD = gnu11;
				GCC_DYNAMIC_NO_PIC = NO;
				GCC_NO_COMMON_BLOCKS = YES;
				GCC_OPTIMIZATION_LEVEL = 0;
				GCC_PREPROCESSOR_DEFINITIONS = (
					"DEBUG=1",
					"$(inherited)",
				);
				GCC_WARN_64_TO_32_BIT_CONVERSION = YES;
				GCC_WARN_ABOUT_RETURN_TYPE = YES_ERROR;
				GCC_WARN_UNDECLARED_SELECTOR = YES;
				GCC_WARN_UNINITIALIZED_AUTOS = YES_AGGRESSIVE;
				GCC_WARN_UNUSED_FUNCTION = YES;
				GCC_WARN_UNUSED_VARIABLE = YES;
				IPHONEOS_DEPLOYMENT_TARGET = 11.4;
				MTL_ENABLE_DEBUG_INFO = YES;
				ONLY_ACTIVE_ARCH = YES;
				SDKROOT = iphoneos;
				SWIFT_ACTIVE_COMPILATION_CONDITIONS = DEBUG;
				SWIFT_OPTIMIZATION_LEVEL = "-Onone";
			};
			name = Debug;
		};
		BFB3DAAE20D8169C009F289F /* Release */ = {
			isa = XCBuildConfiguration;
			buildSettings = {
				ALWAYS_SEARCH_USER_PATHS = NO;
				CLANG_ANALYZER_NONNULL = YES;
				CLANG_ANALYZER_NUMBER_OBJECT_CONVERSION = YES_AGGRESSIVE;
				CLANG_CXX_LANGUAGE_STANDARD = "gnu++14";
				CLANG_CXX_LIBRARY = "libc++";
				CLANG_ENABLE_MODULES = YES;
				CLANG_ENABLE_OBJC_ARC = YES;
				CLANG_ENABLE_OBJC_WEAK = YES;
				CLANG_WARN_BLOCK_CAPTURE_AUTORELEASING = YES;
				CLANG_WARN_BOOL_CONVERSION = YES;
				CLANG_WARN_COMMA = YES;
				CLANG_WARN_CONSTANT_CONVERSION = YES;
				CLANG_WARN_DEPRECATED_OBJC_IMPLEMENTATIONS = YES;
				CLANG_WARN_DIRECT_OBJC_ISA_USAGE = YES_ERROR;
				CLANG_WARN_DOCUMENTATION_COMMENTS = YES;
				CLANG_WARN_EMPTY_BODY = YES;
				CLANG_WARN_ENUM_CONVERSION = YES;
				CLANG_WARN_INFINITE_RECURSION = YES;
				CLANG_WARN_INT_CONVERSION = YES;
				CLANG_WARN_NON_LITERAL_NULL_CONVERSION = YES;
				CLANG_WARN_OBJC_IMPLICIT_RETAIN_SELF = YES;
				CLANG_WARN_OBJC_LITERAL_CONVERSION = YES;
				CLANG_WARN_OBJC_ROOT_CLASS = YES_ERROR;
				CLANG_WARN_RANGE_LOOP_ANALYSIS = YES;
				CLANG_WARN_STRICT_PROTOTYPES = YES;
				CLANG_WARN_SUSPICIOUS_MOVE = YES;
				CLANG_WARN_UNGUARDED_AVAILABILITY = YES_AGGRESSIVE;
				CLANG_WARN_UNREACHABLE_CODE = YES;
				CLANG_WARN__DUPLICATE_METHOD_MATCH = YES;
				CODE_SIGN_IDENTITY = "iPhone Developer";
				COPY_PHASE_STRIP = NO;
				DEBUG_INFORMATION_FORMAT = "dwarf-with-dsym";
				ENABLE_NS_ASSERTIONS = NO;
				ENABLE_STRICT_OBJC_MSGSEND = YES;
				GCC_C_LANGUAGE_STANDARD = gnu11;
				GCC_NO_COMMON_BLOCKS = YES;
				GCC_WARN_64_TO_32_BIT_CONVERSION = YES;
				GCC_WARN_ABOUT_RETURN_TYPE = YES_ERROR;
				GCC_WARN_UNDECLARED_SELECTOR = YES;
				GCC_WARN_UNINITIALIZED_AUTOS = YES_AGGRESSIVE;
				GCC_WARN_UNUSED_FUNCTION = YES;
				GCC_WARN_UNUSED_VARIABLE = YES;
				IPHONEOS_DEPLOYMENT_TARGET = 11.4;
				MTL_ENABLE_DEBUG_INFO = NO;
				SDKROOT = iphoneos;
				SWIFT_COMPILATION_MODE = wholemodule;
				SWIFT_OPTIMIZATION_LEVEL = "-O";
				VALIDATE_PRODUCT = YES;
			};
			name = Release;
		};
		BFB3DAB020D8169C009F289F /* Debug */ = {
			isa = XCBuildConfiguration;
			baseConfigurationReference = 8C9A814820AD2980FB7AD71E /* Pods-dgdrms.debug.xcconfig */;
			buildSettings = {
				ASSETCATALOG_COMPILER_APPICON_NAME = AppIcon;
				CODE_SIGN_STYLE = Automatic;
				DEVELOPMENT_TEAM = 7ZPDPWR8XU;
				INFOPLIST_FILE = dgdrms/Info.plist;
				LD_RUNPATH_SEARCH_PATHS = (
					"$(inherited)",
					"@executable_path/Frameworks",
				);
				PRODUCT_BUNDLE_IDENTIFIER = com.jca.dgdrms;
				PRODUCT_NAME = "$(TARGET_NAME)";
				SWIFT_VERSION = 4.0;
				TARGETED_DEVICE_FAMILY = "1,2";
			};
			name = Debug;
		};
		BFB3DAB120D8169C009F289F /* Release */ = {
			isa = XCBuildConfiguration;
			baseConfigurationReference = 0B542597B46DDDFDD0A7C549 /* Pods-dgdrms.release.xcconfig */;
			buildSettings = {
				ASSETCATALOG_COMPILER_APPICON_NAME = AppIcon;
				CODE_SIGN_STYLE = Automatic;
				DEVELOPMENT_TEAM = 7ZPDPWR8XU;
				INFOPLIST_FILE = dgdrms/Info.plist;
				LD_RUNPATH_SEARCH_PATHS = (
					"$(inherited)",
					"@executable_path/Frameworks",
				);
				PRODUCT_BUNDLE_IDENTIFIER = com.jca.dgdrms;
				PRODUCT_NAME = "$(TARGET_NAME)";
				SWIFT_VERSION = 4.0;
				TARGETED_DEVICE_FAMILY = "1,2";
			};
			name = Release;
		};
		BFB3DAB320D8169C009F289F /* Debug */ = {
			isa = XCBuildConfiguration;
			baseConfigurationReference = FE773199ED5802723FA9E7E6 /* Pods-dgdrmsTests.debug.xcconfig */;
			buildSettings = {
				ALWAYS_EMBED_SWIFT_STANDARD_LIBRARIES = YES;
				BUNDLE_LOADER = "$(TEST_HOST)";
				CODE_SIGN_STYLE = Automatic;
				DEVELOPMENT_TEAM = 7ZPDPWR8XU;
				INFOPLIST_FILE = dgdrmsTests/Info.plist;
				LD_RUNPATH_SEARCH_PATHS = (
					"$(inherited)",
					"@executable_path/Frameworks",
					"@loader_path/Frameworks",
				);
				PRODUCT_BUNDLE_IDENTIFIER = com.jca.dgdrmsTests;
				PRODUCT_NAME = "$(TARGET_NAME)";
				SWIFT_VERSION = 4.0;
				TARGETED_DEVICE_FAMILY = "1,2";
				TEST_HOST = "$(BUILT_PRODUCTS_DIR)/dgdrms.app/dgdrms";
			};
			name = Debug;
		};
		BFB3DAB420D8169C009F289F /* Release */ = {
			isa = XCBuildConfiguration;
			baseConfigurationReference = 020E5A477A6CB10E48874E43 /* Pods-dgdrmsTests.release.xcconfig */;
			buildSettings = {
				ALWAYS_EMBED_SWIFT_STANDARD_LIBRARIES = YES;
				BUNDLE_LOADER = "$(TEST_HOST)";
				CODE_SIGN_STYLE = Automatic;
				DEVELOPMENT_TEAM = 7ZPDPWR8XU;
				INFOPLIST_FILE = dgdrmsTests/Info.plist;
				LD_RUNPATH_SEARCH_PATHS = (
					"$(inherited)",
					"@executable_path/Frameworks",
					"@loader_path/Frameworks",
				);
				PRODUCT_BUNDLE_IDENTIFIER = com.jca.dgdrmsTests;
				PRODUCT_NAME = "$(TARGET_NAME)";
				SWIFT_VERSION = 4.0;
				TARGETED_DEVICE_FAMILY = "1,2";
				TEST_HOST = "$(BUILT_PRODUCTS_DIR)/dgdrms.app/dgdrms";
			};
			name = Release;
		};
/* End XCBuildConfiguration section */

/* Begin XCConfigurationList section */
		BFB3DA8A20D8169A009F289F /* Build configuration list for PBXProject "dgdrms" */ = {
			isa = XCConfigurationList;
			buildConfigurations = (
				BFB3DAAD20D8169C009F289F /* Debug */,
				BFB3DAAE20D8169C009F289F /* Release */,
			);
			defaultConfigurationIsVisible = 0;
			defaultConfigurationName = Release;
		};
		BFB3DAAF20D8169C009F289F /* Build configuration list for PBXNativeTarget "dgdrms" */ = {
			isa = XCConfigurationList;
			buildConfigurations = (
				BFB3DAB020D8169C009F289F /* Debug */,
				BFB3DAB120D8169C009F289F /* Release */,
			);
			defaultConfigurationIsVisible = 0;
			defaultConfigurationName = Release;
		};
		BFB3DAB220D8169C009F289F /* Build configuration list for PBXNativeTarget "dgdrmsTests" */ = {
			isa = XCConfigurationList;
			buildConfigurations = (
				BFB3DAB320D8169C009F289F /* Debug */,
				BFB3DAB420D8169C009F289F /* Release */,
			);
			defaultConfigurationIsVisible = 0;
			defaultConfigurationName = Release;
		};
/* End XCConfigurationList section */

/* Begin XCVersionGroup section */
		BFB3DA9920D8169A009F289F /* dgdrms.xcdatamodeld */ = {
			isa = XCVersionGroup;
			children = (
				BFB3DA9A20D8169A009F289F /* dgdrms.xcdatamodel */,
			);
			currentVersion = BFB3DA9A20D8169A009F289F /* dgdrms.xcdatamodel */;
			path = dgdrms.xcdatamodeld;
			sourceTree = "<group>";
			versionGroupType = wrapper.xcdatamodel;
		};
/* End XCVersionGroup section */
	};
	rootObject = BFB3DA8720D8169A009F289F /* Project object */;
}
